
Microsoft Visual Studio Solution File, Format Version 12.00
# Visual Studio 15
VisualStudioVersion = 15.0.27703.2035
MinimumVisualStudioVersion = 10.0.40219.1
Project("{FAE04EC0-301F-11D3-BF4B-00C04F79EFBC}") = "SportsStore.Domain", "SportsStore.Domain\SportsStore.Domain.csproj", "{0C2CF5AA-48AD-46C9-90E6-FAA2DB64427D}"
EndProject
Project("{FAE04EC0-301F-11D3-BF4B-00C04F79EFBC}") = "SportsStore.WebUI", "SportsStore.WebUI\SportsStore.WebUI.csproj", "{7F702B5A-6396-4A8A-8092-B4D12DA8A50A}"
EndProject
Project("{FAE04EC0-301F-11D3-BF4B-00C04F79EFBC}") = "SportsStore.UnitTests", "SportsStore.UnitTests\SportsStore.UnitTests.csproj", "{6EFA5983-35C8-42C7-81AC-8239F6888762}"
EndProject
Global
	GlobalSection(SolutionConfigurationPlatforms) = preSolution
		Debug|Any CPU = Debug|Any CPU
		Release|Any CPU = Release|Any CPU
	EndGlobalSection
	GlobalSection(ProjectConfigurationPlatforms) = postSolution
		{0C2CF5AA-48AD-46C9-90E6-FAA2DB64427D}.Debug|Any CPU.ActiveCfg = Debug|Any CPU
		{0C2CF5AA-48AD-46C9-90E6-FAA2DB64427D}.Debug|Any CPU.Build.0 = Debug|Any CPU
		{0C2CF5AA-48AD-46C9-90E6-FAA2DB64427D}.Release|Any CPU.ActiveCfg = Release|Any CPU
		{0C2CF5AA-48AD-46C9-90E6-FAA2DB64427D}.Release|Any CPU.Build.0 = Release|Any CPU
		{7F702B5A-6396-4A8A-8092-B4D12DA8A50A}.Debug|Any CPU.ActiveCfg = Debug|Any CPU
		{7F702B5A-6396-4A8A-8092-B4D12DA8A50A}.Debug|Any CPU.Build.0 = Debug|Any CPU
		{7F702B5A-6396-4A8A-8092-B4D12DA8A50A}.Release|Any CPU.ActiveCfg = Release|Any CPU
		{7F702B5A-6396-4A8A-8092-B4D12DA8A50A}.Release|Any CPU.Build.0 = Release|Any CPU
		{6EFA5983-35C8-42C7-81AC-8239F6888762}.Debug|Any CPU.ActiveCfg = Debug|Any CPU
		{6EFA5983-35C8-42C7-81AC-8239F6888762}.Debug|Any CPU.Build.0 = Debug|Any CPU
		{6EFA5983-35C8-42C7-81AC-8239F6888762}.Release|Any CPU.ActiveCfg = Release|Any CPU
		{6EFA5983-35C8-42C7-81AC-8239F6888762}.Release|Any CPU.Build.0 = Release|Any CPU
	EndGlobalSection
	GlobalSection(SolutionProperties) = preSolution
		HideSolutionNode = FALSE
	EndGlobalSection
	GlobalSection(ExtensibilityGlobals) = postSolution
		SolutionGuid = {9E3CCE2F-E407-4FA9-A2CD-FEA964A9FB43}
	EndGlobalSection
EndGlobal
